
Microsoft Visual Studio Solution File, Format Version 12.00
# Visual Studio Version 17
VisualStudioVersion = 17.0.31903.59
MinimumVisualStudioVersion = 10.0.40219.1
Project("{FAE04EC0-301F-11D3-BF4B-00C04F79EFBC}") = "19_HaTrungThanh_Assignment01_BackEnd", "19_HaTrungThanh_Assignment01_BackEnd\19_HaTrungThanh_Assignment01_BackEnd.csproj", "{2C3817DD-912E-4F83-B11E-7EE7BF25A13D}"
EndProject
Global
	GlobalSection(SolutionConfigurationPlatforms) = preSolution
		Debug|Any CPU = Debug|Any CPU
		Release|Any CPU = Release|Any CPU
	EndGlobalSection
	GlobalSection(ProjectConfigurationPlatforms) = postSolution
		{2C3817DD-912E-4F83-B11E-7EE7BF25A13D}.Debug|Any CPU.ActiveCfg = Debug|Any CPU
		{2C3817DD-912E-4F83-B11E-7EE7BF25A13D}.Debug|Any CPU.Build.0 = Debug|Any CPU
		{2C3817DD-912E-4F83-B11E-7EE7BF25A13D}.Release|Any CPU.ActiveCfg = Release|Any CPU
		{2C3817DD-912E-4F83-B11E-7EE7BF25A13D}.Release|Any CPU.Build.0 = Release|Any CPU
	EndGlobalSection
	GlobalSection(SolutionProperties) = preSolution
		HideSolutionNode = FALSE
	EndGlobalSection
EndGlobal
